
Microsoft Visual Studio Solution File, Format Version 12.00
# Visual Studio Version 17
VisualStudioVersion = 17.3.32901.215
MinimumVisualStudioVersion = 10.0.40219.1
Project("{FAE04EC0-301F-11D3-BF4B-00C04F79EFBC}") = "practice7", "practice7\practice7.csproj", "{AD1BA642-99C5-48E7-9251-4FC32CC02396}"
EndProject
Project("{FAE04EC0-301F-11D3-BF4B-00C04F79EFBC}") = "practice8", "practice8\practice8.csproj", "{B9624ECC-A9F7-461F-8946-0B10D77B44D2}"
EndProject
Project("{FAE04EC0-301F-11D3-BF4B-00C04F79EFBC}") = "practice9", "practice9\practice9.csproj", "{3B5484BC-DAED-4DC0-98B7-2FAE7150A3BF}"
EndProject
Project("{FAE04EC0-301F-11D3-BF4B-00C04F79EFBC}") = "practice11", "practice11\practice11.csproj", "{2AD70790-D3C5-4FEB-ADB8-10947A388C81}"
EndProject
Global
	GlobalSection(SolutionConfigurationPlatforms) = preSolution
		Debug|Any CPU = Debug|Any CPU
		Release|Any CPU = Release|Any CPU
	EndGlobalSection
	GlobalSection(ProjectConfigurationPlatforms) = postSolution
		{AD1BA642-99C5-48E7-9251-4FC32CC02396}.Debug|Any CPU.ActiveCfg = Debug|Any CPU
		{AD1BA642-99C5-48E7-9251-4FC32CC02396}.Debug|Any CPU.Build.0 = Debug|Any CPU
		{AD1BA642-99C5-48E7-9251-4FC32CC02396}.Release|Any CPU.ActiveCfg = Release|Any CPU
		{AD1BA642-99C5-48E7-9251-4FC32CC02396}.Release|Any CPU.Build.0 = Release|Any CPU
		{B9624ECC-A9F7-461F-8946-0B10D77B44D2}.Debug|Any CPU.ActiveCfg = Debug|Any CPU
		{B9624ECC-A9F7-461F-8946-0B10D77B44D2}.Debug|Any CPU.Build.0 = Debug|Any CPU
		{B9624ECC-A9F7-461F-8946-0B10D77B44D2}.Release|Any CPU.ActiveCfg = Release|Any CPU
		{B9624ECC-A9F7-461F-8946-0B10D77B44D2}.Release|Any CPU.Build.0 = Release|Any CPU
		{3B5484BC-DAED-4DC0-98B7-2FAE7150A3BF}.Debug|Any CPU.ActiveCfg = Debug|Any CPU
		{3B5484BC-DAED-4DC0-98B7-2FAE7150A3BF}.Debug|Any CPU.Build.0 = Debug|Any CPU
		{3B5484BC-DAED-4DC0-98B7-2FAE7150A3BF}.Release|Any CPU.ActiveCfg = Release|Any CPU
		{3B5484BC-DAED-4DC0-98B7-2FAE7150A3BF}.Release|Any CPU.Build.0 = Release|Any CPU
		{2AD70790-D3C5-4FEB-ADB8-10947A388C81}.Debug|Any CPU.ActiveCfg = Debug|Any CPU
		{2AD70790-D3C5-4FEB-ADB8-10947A388C81}.Debug|Any CPU.Build.0 = Debug|Any CPU
		{2AD70790-D3C5-4FEB-ADB8-10947A388C81}.Release|Any CPU.ActiveCfg = Release|Any CPU
		{2AD70790-D3C5-4FEB-ADB8-10947A388C81}.Release|Any CPU.Build.0 = Release|Any CPU
	EndGlobalSection
	GlobalSection(SolutionProperties) = preSolution
		HideSolutionNode = FALSE
	EndGlobalSection
	GlobalSection(ExtensibilityGlobals) = postSolution
		SolutionGuid = {AE31A245-6C2B-46C8-9CF3-1D19F2FFB459}
	EndGlobalSection
EndGlobal
